
Microsoft Visual Studio Solution File, Format Version 12.00
# Visual Studio Version 16
VisualStudioVersion = 25.0.1706.13
MinimumVisualStudioVersion = 10.0.40219.1
Project("{FAE04EC0-301F-11D3-BF4B-00C04F79EFBC}") = "Picky", "Picky\Picky.csproj", "{D62DC3AC-E5D5-450C-9246-709752A0EE1E}"
EndProject
Global
	GlobalSection(SolutionConfigurationPlatforms) = preSolution
		Debug|Any CPU = Debug|Any CPU
		Release|Any CPU = Release|Any CPU
	EndGlobalSection
	GlobalSection(ProjectConfigurationPlatforms) = postSolution
		{D62DC3AC-E5D5-450C-9246-709752A0EE1E}.Debug|Any CPU.ActiveCfg = Debug|Any CPU
		{D62DC3AC-E5D5-450C-9246-709752A0EE1E}.Debug|Any CPU.Build.0 = Debug|Any CPU
		{D62DC3AC-E5D5-450C-9246-709752A0EE1E}.Release|Any CPU.ActiveCfg = Release|Any CPU
		{D62DC3AC-E5D5-450C-9246-709752A0EE1E}.Release|Any CPU.Build.0 = Release|Any CPU
	EndGlobalSection
	GlobalSection(SolutionProperties) = preSolution
		HideSolutionNode = FALSE
	EndGlobalSection
	GlobalSection(ExtensibilityGlobals) = postSolution
		SolutionGuid = {0C2F6864-5186-45D4-BBAF-7D13759BF59E}
	EndGlobalSection
EndGlobal
